
Microsoft Visual Studio Solution File, Format Version 12.00
# Visual Studio Version 17
VisualStudioVersion = 17.13.35828.75 d17.13
MinimumVisualStudioVersion = 10.0.40219.1
Project("{FAE04EC0-301F-11D3-BF4B-00C04F79EFBC}") = "MeterReadingApp", "MeterReadingApp\MeterReadingApp.csproj", "{A5169791-F4FF-492D-B1AA-9B2A1DCBAF16}"
EndProject
Project("{FAE04EC0-301F-11D3-BF4B-00C04F79EFBC}") = "MeterReadingAppTests", "MeterReadingAppTests\MeterReadingAppTests.csproj", "{2B17021C-5676-45B4-8656-39088AFA33F8}"
EndProject
Global
	GlobalSection(SolutionConfigurationPlatforms) = preSolution
		Debug|Any CPU = Debug|Any CPU
		Release|Any CPU = Release|Any CPU
	EndGlobalSection
	GlobalSection(ProjectConfigurationPlatforms) = postSolution
		{A5169791-F4FF-492D-B1AA-9B2A1DCBAF16}.Debug|Any CPU.ActiveCfg = Debug|Any CPU
		{A5169791-F4FF-492D-B1AA-9B2A1DCBAF16}.Debug|Any CPU.Build.0 = Debug|Any CPU
		{A5169791-F4FF-492D-B1AA-9B2A1DCBAF16}.Release|Any CPU.ActiveCfg = Release|Any CPU
		{A5169791-F4FF-492D-B1AA-9B2A1DCBAF16}.Release|Any CPU.Build.0 = Release|Any CPU
		{2B17021C-5676-45B4-8656-39088AFA33F8}.Debug|Any CPU.ActiveCfg = Debug|Any CPU
		{2B17021C-5676-45B4-8656-39088AFA33F8}.Debug|Any CPU.Build.0 = Debug|Any CPU
		{2B17021C-5676-45B4-8656-39088AFA33F8}.Release|Any CPU.ActiveCfg = Release|Any CPU
		{2B17021C-5676-45B4-8656-39088AFA33F8}.Release|Any CPU.Build.0 = Release|Any CPU
	EndGlobalSection
	GlobalSection(SolutionProperties) = preSolution
		HideSolutionNode = FALSE
	EndGlobalSection
	GlobalSection(ExtensibilityGlobals) = postSolution
		SolutionGuid = {634DB12B-6D89-42FA-BE2E-A7FFA97AF481}
	EndGlobalSection
EndGlobal
